<?xml version="1.0" encoding="utf-8"?>
<Project ToolsVersion="4.0" xmlns="http://schemas.microsoft.com/developer/msbuild/2003">
  <ItemGroup>
    <ClCompile Include="AttributesTable.cpp" />
    <ClCompile Include="DefaultStyle.cpp" />
    <ClCompile Include="dllmain.cpp" />
    <ClCompile Include="FOTString.cpp" />
    <ClCompile Include="FTSE.cpp" />
    <ClCompile Include="GenericPatcher.cpp" />
    <ClCompile Include="Helpers.cpp" />
    <ClCompile Include="HookExecutor.cpp" />
    <ClCompile Include="HookInstaller.cpp" />
    <ClCompile Include="Logger.cpp" />
    <ClCompile Include="LuaHelper.cpp" />
    <ClCompile Include="World.cpp" />
    <ClCompile Include="entities\Actor.cpp" />
    <ClCompile Include="entities\Ammo.cpp" />
    <ClCompile Include="entities\Armour.cpp" />
    <ClCompile Include="entities\Book.cpp" />
    <ClCompile Include="entities\Breakable.cpp" />
    <ClCompile Include="entities\Collectable.cpp" />
    <ClCompile Include="entities\Entity.cpp" />
    <ClCompile Include="entities\GenericItem.cpp" />
    <ClCompile Include="entities\Holodisk.cpp" />
    <ClCompile Include="entities\Keys.cpp" />
    <ClCompile Include="entities\Lockpick.cpp" />
    <ClCompile Include="entities\Radiation.cpp" />
    <ClCompile Include="entities\SkillConsumable.cpp" />
    <ClCompile Include="entities\SpawnPoint.cpp" />
    <ClCompile Include="entities\StateBreakable.cpp" />
    <ClCompile Include="entities\Trap.cpp" />
    <ClCompile Include="entities\Usable.cpp" />
    <ClCompile Include="entities\Vehicle.cpp" />
    <ClCompile Include="entities\VehicleWeapon.cpp" />
    <ClCompile Include="entities\Weapon.cpp" />
    <ClCompile Include="entities\Consumable.cpp" />
    <ClCompile Include="ActorStatus.cpp" />
    <ClCompile Include="entities\Alarm.cpp" />
    <ClCompile Include="entities\BaseAI.cpp" />
    <ClCompile Include="entities\CaptureInvItem.cpp" />
    <ClCompile Include="entities\CaptureItem.cpp" />
    <ClCompile Include="entities\CombatFX.cpp" />
    <ClCompile Include="entities\Container.cpp" />
    <ClCompile Include="entities\Controller.cpp" />
    <ClCompile Include="entities\Deathtrap.cpp" />
    <ClCompile Include="entities\Door.cpp" />
    <ClCompile Include="entities\EffectSpawn.cpp" />
    <ClCompile Include="entities\Geiger.cpp" />
    <ClCompile Include="entities\Light.cpp" />
    <ClCompile Include="entities\Powernode.cpp" />
    <ClCompile Include="entities\RepairObject.cpp" />
    <ClCompile Include="entities\RotatingDoor.cpp" />
    <ClCompile Include="entities\Scenary.cpp" />
    <ClCompile Include="entities\ScenaryMove.cpp" />
    <ClCompile Include="entities\ScenarySpawn.cpp" />
    <ClCompile Include="entities\ScienceSwitch.cpp" />
    <ClCompile Include="entities\SentryAI.cpp" />
    <ClCompile Include="entities\Sneak.cpp" />
    <ClCompile Include="entities\StateScenary.cpp" />
    <ClCompile Include="entities\Switch.cpp" />
    <ClCompile Include="entities\TrapTrigger.cpp" />
    <ClCompile Include="entities\VehicleController.cpp" />
    <ClCompile Include="entities\Waypoint.cpp" />
    <ClCompile Include="entities\Inventory.cpp" />
  </ItemGroup>
  <ItemGroup>
    <ClInclude Include="ActorStatus.h" />
    <ClInclude Include="AttributesTable.h" />
    <ClInclude Include="CombatMessage.h" />
    <ClInclude Include="DefaultStyle.h" />
    <ClInclude Include="FOTPerkTable.h" />
    <ClInclude Include="FOTString.h" />
    <ClInclude Include="GenericPatcher.h" />
    <ClInclude Include="Helpers.h" />
    <ClInclude Include="HookExecutor.h" />
    <ClInclude Include="HookInstaller.h" />
    <ClInclude Include="Logger.h" />
    <ClInclude Include="LuaHelper.h" />
    <ClInclude Include="Version.h" />
    <ClInclude Include="World.h" />
    <ClInclude Include="entities\Actor.h" />
    <ClInclude Include="entities\Ammo.h" />
    <ClInclude Include="entities\Armour.h" />
    <ClInclude Include="entities\Book.h" />
    <ClInclude Include="entities\Breakable.h" />
    <ClInclude Include="entities\Collectable.h" />
    <ClInclude Include="entities\Entity.h" />
    <ClInclude Include="entities\GenericItem.h" />
    <ClInclude Include="entities\Holodisk.h" />
    <ClInclude Include="entities\Keys.h" />
    <ClInclude Include="entities\Lockpick.h" />
    <ClInclude Include="entities\Radiation.h" />
    <ClInclude Include="entities\SkillConsumable.h" />
    <ClInclude Include="entities\SpawnPoint.h" />
    <ClInclude Include="entities\StateBreakable.h" />
    <ClInclude Include="entities\Trap.h" />
    <ClInclude Include="entities\Usable.h" />
    <ClInclude Include="entities\Vehicle.h" />
    <ClInclude Include="entities\VehicleWeapon.h" />
    <ClInclude Include="entities\Weapon.h" />
    <ClInclude Include="entities\Consumable.h" />
    <ClInclude Include="entities\Alarm.h" />
    <ClInclude Include="entities\BaseAI.h" />
    <ClInclude Include="entities\CaptureInvItem.h" />
    <ClInclude Include="entities\CaptureItem.h" />
    <ClInclude Include="entities\CombatFX.h" />
    <ClInclude Include="entities\Container.h" />
    <ClInclude Include="entities\Controller.h" />
    <ClInclude Include="entities\Deathtrap.h" />
    <ClInclude Include="entities\Door.h" />
    <ClInclude Include="entities\EffectSpawn.h" />
    <ClInclude Include="entities\Geiger.h" />
    <ClInclude Include="entities\Light.h" />
    <ClInclude Include="entities\Powernode.h" />
    <ClInclude Include="entities\RepairObject.h" />
    <ClInclude Include="entities\RotatingDoor.h" />
    <ClInclude Include="entities\Scenary.h" />
    <ClInclude Include="entities\ScenaryMove.h" />
    <ClInclude Include="entities\ScenarySpawn.h" />
    <ClInclude Include="entities\ScienceSwitch.h" />
    <ClInclude Include="entities\SentryAI.h" />
    <ClInclude Include="entities\Sneak.h" />
    <ClInclude Include="entities\StateScenary.h" />
    <ClInclude Include="entities\Switch.h" />
    <ClInclude Include="entities\TrapTrigger.h" />
    <ClInclude Include="entities\VehicleController.h" />
    <ClInclude Include="entities\Waypoint.h" />
    <ClInclude Include="entities\Inventory.h" />
    <ClInclude Include="InventoryActionResult.h" />
  </ItemGroup>
</Project>